
Microsoft Visual Studio Solution File, Format Version 12.00
# Visual Studio Version 17
VisualStudioVersion = 17.0.31903.59
MinimumVisualStudioVersion = 10.0.40219.1
Project("{FAE04EC0-301F-11D3-BF4B-00C04F79EFBC}") = "DotnetSdk.Api", "DotnetSdk.Api\DotnetSdk.Api.csproj", "{A5BF1F0F-06A9-4F05-9580-E78907F6A8EF}"
EndProject
Project("{FAE04EC0-301F-11D3-BF4B-00C04F79EFBC}") = "DotnetSdk.Sdk", "DotnetSdk.Sdk\DotnetSdk.Sdk.csproj", "{734BAB20-9FD8-4A88-8338-E8125BD918CC}"
EndProject
Project("{FAE04EC0-301F-11D3-BF4B-00C04F79EFBC}") = "DotnetSdk.Common", "DotnetSdk.Common\DotnetSdk.Common.csproj", "{756D9D74-9FDE-4665-AB6A-1F78757A2B26}"
EndProject
Project("{FAE04EC0-301F-11D3-BF4B-00C04F79EFBC}") = "DotnetSdk.Console", "DotnetSdk.Console\DotnetSdk.Console.csproj", "{35F22C2B-429B-4C38-B8F5-92AC1ED12F53}"
EndProject
Global
	GlobalSection(SolutionConfigurationPlatforms) = preSolution
		Debug|Any CPU = Debug|Any CPU
		Release|Any CPU = Release|Any CPU
	EndGlobalSection
	GlobalSection(SolutionProperties) = preSolution
		HideSolutionNode = FALSE
	EndGlobalSection
	GlobalSection(ProjectConfigurationPlatforms) = postSolution
		{A5BF1F0F-06A9-4F05-9580-E78907F6A8EF}.Debug|Any CPU.ActiveCfg = Debug|Any CPU
		{A5BF1F0F-06A9-4F05-9580-E78907F6A8EF}.Debug|Any CPU.Build.0 = Debug|Any CPU
		{A5BF1F0F-06A9-4F05-9580-E78907F6A8EF}.Release|Any CPU.ActiveCfg = Release|Any CPU
		{A5BF1F0F-06A9-4F05-9580-E78907F6A8EF}.Release|Any CPU.Build.0 = Release|Any CPU
		{734BAB20-9FD8-4A88-8338-E8125BD918CC}.Debug|Any CPU.ActiveCfg = Debug|Any CPU
		{734BAB20-9FD8-4A88-8338-E8125BD918CC}.Debug|Any CPU.Build.0 = Debug|Any CPU
		{734BAB20-9FD8-4A88-8338-E8125BD918CC}.Release|Any CPU.ActiveCfg = Release|Any CPU
		{734BAB20-9FD8-4A88-8338-E8125BD918CC}.Release|Any CPU.Build.0 = Release|Any CPU
		{756D9D74-9FDE-4665-AB6A-1F78757A2B26}.Debug|Any CPU.ActiveCfg = Debug|Any CPU
		{756D9D74-9FDE-4665-AB6A-1F78757A2B26}.Debug|Any CPU.Build.0 = Debug|Any CPU
		{756D9D74-9FDE-4665-AB6A-1F78757A2B26}.Release|Any CPU.ActiveCfg = Release|Any CPU
		{756D9D74-9FDE-4665-AB6A-1F78757A2B26}.Release|Any CPU.Build.0 = Release|Any CPU
		{35F22C2B-429B-4C38-B8F5-92AC1ED12F53}.Debug|Any CPU.ActiveCfg = Debug|Any CPU
		{35F22C2B-429B-4C38-B8F5-92AC1ED12F53}.Debug|Any CPU.Build.0 = Debug|Any CPU
		{35F22C2B-429B-4C38-B8F5-92AC1ED12F53}.Release|Any CPU.ActiveCfg = Release|Any CPU
		{35F22C2B-429B-4C38-B8F5-92AC1ED12F53}.Release|Any CPU.Build.0 = Release|Any CPU
	EndGlobalSection
EndGlobal
